// !$*UTF8*$!
{
	archiveVersion = 1;
	classes = {
	};
	objectVersion = 46;
	objects = {

/* Begin PBXBuildFile section */
		A2B69AD5193B6EDA007AF12E /* ExtremeViewController.m in Sources */ = {isa = PBXBuildFile; fileRef = A2B69AD4193B6EDA007AF12E /* ExtremeViewController.m */; };
		A2D57D14193A4CB5005EDD6F /* Foundation.framework in Frameworks */ = {isa = PBXBuildFile; fileRef = A2D57D13193A4CB5005EDD6F /* Foundation.framework */; };
		A2D57D16193A4CB5005EDD6F /* CoreGraphics.framework in Frameworks */ = {isa = PBXBuildFile; fileRef = A2D57D15193A4CB5005EDD6F /* CoreGraphics.framework */; };
		A2D57D18193A4CB5005EDD6F /* UIKit.framework in Frameworks */ = {isa = PBXBuildFile; fileRef = A2D57D17193A4CB5005EDD6F /* UIKit.framework */; };
		A2D57D1E193A4CB5005EDD6F /* InfoPlist.strings in Resources */ = {isa = PBXBuildFile; fileRef = A2D57D1C193A4CB5005EDD6F /* InfoPlist.strings */; };
		A2D57D20193A4CB5005EDD6F /* main.m in Sources */ = {isa = PBXBuildFile; fileRef = A2D57D1F193A4CB5005EDD6F /* main.m */; };
		A2D57D24193A4CB5005EDD6F /* AppDelegate.m in Sources */ = {isa = PBXBuildFile; fileRef = A2D57D23193A4CB5005EDD6F /* AppDelegate.m */; };
		A2D57D27193A4CB5005EDD6F /* Main_iPhone.storyboard in Resources */ = {isa = PBXBuildFile; fileRef = A2D57D25193A4CB5005EDD6F /* Main_iPhone.storyboard */; };
		A2D57D2A193A4CB5005EDD6F /* Main_iPad.storyboard in Resources */ = {isa = PBXBuildFile; fileRef = A2D57D28193A4CB5005EDD6F /* Main_iPad.storyboard */; };
		A2D57D2D193A4CB5005EDD6F /* DefaultViewController.m in Sources */ = {isa = PBXBuildFile; fileRef = A2D57D2C193A4CB5005EDD6F /* DefaultViewController.m */; };
		A2D57D30193A4CB5005EDD6F /* CustomizedViewController.m in Sources */ = {isa = PBXBuildFile; fileRef = A2D57D2F193A4CB5005EDD6F /* CustomizedViewController.m */; };
		A2D57D32193A4CB5005EDD6F /* Images.xcassets in Resources */ = {isa = PBXBuildFile; fileRef = A2D57D31193A4CB5005EDD6F /* Images.xcassets */; };
		A2D57D39193A4CB5005EDD6F /* XCTest.framework in Frameworks */ = {isa = PBXBuildFile; fileRef = A2D57D38193A4CB5005EDD6F /* XCTest.framework */; };
		A2D57D3A193A4CB5005EDD6F /* Foundation.framework in Frameworks */ = {isa = PBXBuildFile; fileRef = A2D57D13193A4CB5005EDD6F /* Foundation.framework */; };
		A2D57D3B193A4CB5005EDD6F /* UIKit.framework in Frameworks */ = {isa = PBXBuildFile; fileRef = A2D57D17193A4CB5005EDD6F /* UIKit.framework */; };
		A2D57D43193A4CB5005EDD6F /* InfoPlist.strings in Resources */ = {isa = PBXBuildFile; fileRef = A2D57D41193A4CB5005EDD6F /* InfoPlist.strings */; };
		A2D57D45193A4CB5005EDD6F /* BJRadialMenuExampleTests.m in Sources */ = {isa = PBXBuildFile; fileRef = A2D57D44193A4CB5005EDD6F /* BJRadialMenuExampleTests.m */; };
		F19FE03788F84C8D8DFED303 /* libPods-BJRadialMenuExample.a in Frameworks */ = {isa = PBXBuildFile; fileRef = 9E611D62F8414F7DB6801403 /* libPods-BJRadialMenuExample.a */; };
/* End PBXBuildFile section */

/* Begin PBXContainerItemProxy section */
		A2D57D3C193A4CB5005EDD6F /* PBXContainerItemProxy */ = {
			isa = PBXContainerItemProxy;
			containerPortal = A2D57D08193A4CB5005EDD6F /* Project object */;
			proxyType = 1;
			remoteGlobalIDString = A2D57D0F193A4CB5005EDD6F;
			remoteInfo = BJRadialMenuExample;
		};
/* End PBXContainerItemProxy section */

/* Begin PBXFileReference section */
		9E611D62F8414F7DB6801403 /* libPods-BJRadialMenuExample.a */ = {isa = PBXFileReference; explicitFileType = archive.ar; includeInIndex = 0; path = "libPods-BJRadialMenuExample.a"; sourceTree = BUILT_PRODUCTS_DIR; };
		A2B69AD3193B6EDA007AF12E /* ExtremeViewController.h */ = {isa = PBXFileReference; fileEncoding = 4; lastKnownFileType = sourcecode.c.h; path = ExtremeViewController.h; sourceTree = "<group>"; };
		A2B69AD4193B6EDA007AF12E /* ExtremeViewController.m */ = {isa = PBXFileReference; fileEncoding = 4; lastKnownFileType = sourcecode.c.objc; path = ExtremeViewController.m; sourceTree = "<group>"; };
		A2D57D10193A4CB5005EDD6F /* BJRadialMenuExample.app */ = {isa = PBXFileReference; explicitFileType = wrapper.application; includeInIndex = 0; path = BJRadialMenuExample.app; sourceTree = BUILT_PRODUCTS_DIR; };
		A2D57D13193A4CB5005EDD6F /* Foundation.framework */ = {isa = PBXFileReference; lastKnownFileType = wrapper.framework; name = Foundation.framework; path = System/Library/Frameworks/Foundation.framework; sourceTree = SDKROOT; };
		A2D57D15193A4CB5005EDD6F /* CoreGraphics.framework */ = {isa = PBXFileReference; lastKnownFileType = wrapper.framework; name = CoreGraphics.framework; path = System/Library/Frameworks/CoreGraphics.framework; sourceTree = SDKROOT; };
		A2D57D17193A4CB5005EDD6F /* UIKit.framework */ = {isa = PBXFileReference; lastKnownFileType = wrapper.framework; name = UIKit.framework; path = System/Library/Frameworks/UIKit.framework; sourceTree = SDKROOT; };
		A2D57D1B193A4CB5005EDD6F /* BJRadialMenuExample-Info.plist */ = {isa = PBXFileReference; lastKnownFileType = text.plist.xml; path = "BJRadialMenuExample-Info.plist"; sourceTree = "<group>"; };
		A2D57D1D193A4CB5005EDD6F /* en */ = {isa = PBXFileReference; lastKnownFileType = text.plist.strings; name = en; path = en.lproj/InfoPlist.strings; sourceTree = "<group>"; };
		A2D57D1F193A4CB5005EDD6F /* main.m */ = {isa = PBXFileReference; lastKnownFileType = sourcecode.c.objc; path = main.m; sourceTree = "<group>"; };
		A2D57D21193A4CB5005EDD6F /* BJRadialMenuExample-Prefix.pch */ = {isa = PBXFileReference; lastKnownFileType = sourcecode.c.h; path = "BJRadialMenuExample-Prefix.pch"; sourceTree = "<group>"; };
		A2D57D22193A4CB5005EDD6F /* AppDelegate.h */ = {isa = PBXFileReference; lastKnownFileType = sourcecode.c.h; path = AppDelegate.h; sourceTree = "<group>"; };
		A2D57D23193A4CB5005EDD6F /* AppDelegate.m */ = {isa = PBXFileReference; lastKnownFileType = sourcecode.c.objc; path = AppDelegate.m; sourceTree = "<group>"; };
		A2D57D26193A4CB5005EDD6F /* Base */ = {isa = PBXFileReference; lastKnownFileType = file.storyboard; name = Base; path = Base.lproj/Main_iPhone.storyboard; sourceTree = "<group>"; };
		A2D57D29193A4CB5005EDD6F /* Base */ = {isa = PBXFileReference; lastKnownFileType = file.storyboard; name = Base; path = Base.lproj/Main_iPad.storyboard; sourceTree = "<group>"; };
		A2D57D2B193A4CB5005EDD6F /* DefaultViewController.h */ = {isa = PBXFileReference; lastKnownFileType = sourcecode.c.h; path = DefaultViewController.h; sourceTree = "<group>"; };
		A2D57D2C193A4CB5005EDD6F /* DefaultViewController.m */ = {isa = PBXFileReference; lastKnownFileType = sourcecode.c.objc; path = DefaultViewController.m; sourceTree = "<group>"; };
		A2D57D2E193A4CB5005EDD6F /* CustomizedViewController.h */ = {isa = PBXFileReference; lastKnownFileType = sourcecode.c.h; path = CustomizedViewController.h; sourceTree = "<group>"; };
		A2D57D2F193A4CB5005EDD6F /* CustomizedViewController.m */ = {isa = PBXFileReference; lastKnownFileType = sourcecode.c.objc; path = CustomizedViewController.m; sourceTree = "<group>"; };
		A2D57D31193A4CB5005EDD6F /* Images.xcassets */ = {isa = PBXFileReference; lastKnownFileType = folder.assetcatalog; path = Images.xcassets; sourceTree = "<group>"; };
		A2D57D37193A4CB5005EDD6F /* BJRadialMenuExampleTests.xctest */ = {isa = PBXFileReference; explicitFileType = wrapper.cfbundle; includeInIndex = 0; path = BJRadialMenuExampleTests.xctest; sourceTree = BUILT_PRODUCTS_DIR; };
		A2D57D38193A4CB5005EDD6F /* XCTest.framework */ = {isa = PBXFileReference; lastKnownFileType = wrapper.framework; name = XCTest.framework; path = Library/Frameworks/XCTest.framework; sourceTree = DEVELOPER_DIR; };
		A2D57D40193A4CB5005EDD6F /* BJRadialMenuExampleTests-Info.plist */ = {isa = PBXFileReference; lastKnownFileType = text.plist.xml; path = "BJRadialMenuExampleTests-Info.plist"; sourceTree = "<group>"; };
		A2D57D42193A4CB5005EDD6F /* en */ = {isa = PBXFileReference; lastKnownFileType = text.plist.strings; name = en; path = en.lproj/InfoPlist.strings; sourceTree = "<group>"; };
		A2D57D44193A4CB5005EDD6F /* BJRadialMenuExampleTests.m */ = {isa = PBXFileReference; lastKnownFileType = sourcecode.c.objc; path = BJRadialMenuExampleTests.m; sourceTree = "<group>"; };
		AECF562FDD104628AA353A90 /* Pods-BJRadialMenuExample.xcconfig */ = {isa = PBXFileReference; includeInIndex = 1; lastKnownFileType = text.xcconfig; name = "Pods-BJRadialMenuExample.xcconfig"; path = "Pods/Pods-BJRadialMenuExample.xcconfig"; sourceTree = "<group>"; };
/* End PBXFileReference section */

/* Begin PBXFrameworksBuildPhase section */
		A2D57D0D193A4CB5005EDD6F /* Frameworks */ = {
			isa = PBXFrameworksBuildPhase;
			buildActionMask = 2147483647;
			files = (
				A2D57D16193A4CB5005EDD6F /* CoreGraphics.framework in Frameworks */,
				A2D57D18193A4CB5005EDD6F /* UIKit.framework in Frameworks */,
				A2D57D14193A4CB5005EDD6F /* Foundation.framework in Frameworks */,
				F19FE03788F84C8D8DFED303 /* libPods-BJRadialMenuExample.a in Frameworks */,
			);
			runOnlyForDeploymentPostprocessing = 0;
		};
		A2D57D34193A4CB5005EDD6F /* Frameworks */ = {
			isa = PBXFrameworksBuildPhase;
			buildActionMask = 2147483647;
			files = (
				A2D57D39193A4CB5005EDD6F /* XCTest.framework in Frameworks */,
				A2D57D3B193A4CB5005EDD6F /* UIKit.framework in Frameworks */,
				A2D57D3A193A4CB5005EDD6F /* Foundation.framework in Frameworks */,
			);
			runOnlyForDeploymentPostprocessing = 0;
		};
/* End PBXFrameworksBuildPhase section */

/* Begin PBXGroup section */
		A26FF83E193B786800C7D6AC /* App Delegate */ = {
			isa = PBXGroup;
			children = (
				A2D57D22193A4CB5005EDD6F /* AppDelegate.h */,
				A2D57D23193A4CB5005EDD6F /* AppDelegate.m */,
			);
			path = "App Delegate";
			sourceTree = "<group>";
		};
		A26FF83F193B787500C7D6AC /* View Controllers */ = {
			isa = PBXGroup;
			children = (
				A2D57D2B193A4CB5005EDD6F /* DefaultViewController.h */,
				A2D57D2C193A4CB5005EDD6F /* DefaultViewController.m */,
				A2D57D2E193A4CB5005EDD6F /* CustomizedViewController.h */,
				A2D57D2F193A4CB5005EDD6F /* CustomizedViewController.m */,
				A2B69AD3193B6EDA007AF12E /* ExtremeViewController.h */,
				A2B69AD4193B6EDA007AF12E /* ExtremeViewController.m */,
			);
			path = "View Controllers";
			sourceTree = "<group>";
		};
		A26FF841193B789200C7D6AC /* Resources */ = {
			isa = PBXGroup;
			children = (
				A2D57D31193A4CB5005EDD6F /* Images.xcassets */,
			);
			path = Resources;
			sourceTree = "<group>";
		};
		A2B69AD6193B7285007AF12E /* Storyboards */ = {
			isa = PBXGroup;
			children = (
				A2D57D25193A4CB5005EDD6F /* Main_iPhone.storyboard */,
				A2D57D28193A4CB5005EDD6F /* Main_iPad.storyboard */,
			);
			path = Storyboards;
			sourceTree = "<group>";
		};
		A2D57D07193A4CB5005EDD6F = {
			isa = PBXGroup;
			children = (
				A2D57D19193A4CB5005EDD6F /* BJRadialMenuExample */,
				A2D57D3E193A4CB5005EDD6F /* BJRadialMenuExampleTests */,
				A2D57D12193A4CB5005EDD6F /* Frameworks */,
				A2D57D11193A4CB5005EDD6F /* Products */,
				AECF562FDD104628AA353A90 /* Pods-BJRadialMenuExample.xcconfig */,
			);
			sourceTree = "<group>";
		};
		A2D57D11193A4CB5005EDD6F /* Products */ = {
			isa = PBXGroup;
			children = (
				A2D57D10193A4CB5005EDD6F /* BJRadialMenuExample.app */,
				A2D57D37193A4CB5005EDD6F /* BJRadialMenuExampleTests.xctest */,
			);
			name = Products;
			sourceTree = "<group>";
		};
		A2D57D12193A4CB5005EDD6F /* Frameworks */ = {
			isa = PBXGroup;
			children = (
				A2D57D13193A4CB5005EDD6F /* Foundation.framework */,
				A2D57D15193A4CB5005EDD6F /* CoreGraphics.framework */,
				A2D57D17193A4CB5005EDD6F /* UIKit.framework */,
				A2D57D38193A4CB5005EDD6F /* XCTest.framework */,
				9E611D62F8414F7DB6801403 /* libPods-BJRadialMenuExample.a */,
			);
			name = Frameworks;
			sourceTree = "<group>";
		};
		A2D57D19193A4CB5005EDD6F /* BJRadialMenuExample */ = {
			isa = PBXGroup;
			children = (
				A26FF83E193B786800C7D6AC /* App Delegate */,
				A26FF83F193B787500C7D6AC /* View Controllers */,
				A2B69AD6193B7285007AF12E /* Storyboards */,
				A26FF841193B789200C7D6AC /* Resources */,
				A2D57D1A193A4CB5005EDD6F /* Supporting Files */,
			);
			path = BJRadialMenuExample;
			sourceTree = "<group>";
		};
		A2D57D1A193A4CB5005EDD6F /* Supporting Files */ = {
			isa = PBXGroup;
			children = (
				A2D57D1B193A4CB5005EDD6F /* BJRadialMenuExample-Info.plist */,
				A2D57D1C193A4CB5005EDD6F /* InfoPlist.strings */,
				A2D57D1F193A4CB5005EDD6F /* main.m */,
				A2D57D21193A4CB5005EDD6F /* BJRadialMenuExample-Prefix.pch */,
			);
			path = "Supporting Files";
			sourceTree = "<group>";
		};
		A2D57D3E193A4CB5005EDD6F /* BJRadialMenuExampleTests */ = {
			isa = PBXGroup;
			children = (
				A2D57D44193A4CB5005EDD6F /* BJRadialMenuExampleTests.m */,
				A2D57D3F193A4CB5005EDD6F /* Supporting Files */,
			);
			path = BJRadialMenuExampleTests;
			sourceTree = "<group>";
		};
		A2D57D3F193A4CB5005EDD6F /* Supporting Files */ = {
			isa = PBXGroup;
			children = (
				A2D57D40193A4CB5005EDD6F /* BJRadialMenuExampleTests-Info.plist */,
				A2D57D41193A4CB5005EDD6F /* InfoPlist.strings */,
			);
			path = "Supporting Files";
			sourceTree = "<group>";
		};
/* End PBXGroup section */

/* Begin PBXNativeTarget section */
		A2D57D0F193A4CB5005EDD6F /* BJRadialMenuExample */ = {
			isa = PBXNativeTarget;
			buildConfigurationList = A2D57D48193A4CB5005EDD6F /* Build configuration list for PBXNativeTarget "BJRadialMenuExample" */;
			buildPhases = (
				127C742A63734B74BB984A10 /* Check Pods Manifest.lock */,
				A2D57D0C193A4CB5005EDD6F /* Sources */,
				A2D57D0D193A4CB5005EDD6F /* Frameworks */,
				A2D57D0E193A4CB5005EDD6F /* Resources */,
				E6A62FD363504263B273F93B /* Copy Pods Resources */,
			);
			buildRules = (
			);
			dependencies = (
			);
			name = BJRadialMenuExample;
			productName = BJRadialMenuExample;
			productReference = A2D57D10193A4CB5005EDD6F /* BJRadialMenuExample.app */;
			productType = "com.apple.product-type.application";
		};
		A2D57D36193A4CB5005EDD6F /* BJRadialMenuExampleTests */ = {
			isa = PBXNativeTarget;
			buildConfigurationList = A2D57D4B193A4CB5005EDD6F /* Build configuration list for PBXNativeTarget "BJRadialMenuExampleTests" */;
			buildPhases = (
				A2D57D33193A4CB5005EDD6F /* Sources */,
				A2D57D34193A4CB5005EDD6F /* Frameworks */,
				A2D57D35193A4CB5005EDD6F /* Resources */,
			);
			buildRules = (
			);
			dependencies = (
				A2D57D3D193A4CB5005EDD6F /* PBXTargetDependency */,
			);
			name = BJRadialMenuExampleTests;
			productName = BJRadialMenuExampleTests;
			productReference = A2D57D37193A4CB5005EDD6F /* BJRadialMenuExampleTests.xctest */;
			productType = "com.apple.product-type.bundle.unit-test";
		};
/* End PBXNativeTarget section */

/* Begin PBXProject section */
		A2D57D08193A4CB5005EDD6F /* Project object */ = {
			isa = PBXProject;
			attributes = {
				LastUpgradeCheck = 0510;
				ORGANIZATIONNAME = "Brad Jasper";
				TargetAttributes = {
					A2D57D36193A4CB5005EDD6F = {
						TestTargetID = A2D57D0F193A4CB5005EDD6F;
					};
				};
			};
			buildConfigurationList = A2D57D0B193A4CB5005EDD6F /* Build configuration list for PBXProject "BJRadialMenuExample" */;
			compatibilityVersion = "Xcode 3.2";
			developmentRegion = English;
			hasScannedForEncodings = 0;
			knownRegions = (
				en,
				Base,
			);
			mainGroup = A2D57D07193A4CB5005EDD6F;
			productRefGroup = A2D57D11193A4CB5005EDD6F /* Products */;
			projectDirPath = "";
			projectRoot = "";
			targets = (
				A2D57D0F193A4CB5005EDD6F /* BJRadialMenuExample */,
				A2D57D36193A4CB5005EDD6F /* BJRadialMenuExampleTests */,
			);
		};
/* End PBXProject section */

/* Begin PBXResourcesBuildPhase section */
		A2D57D0E193A4CB5005EDD6F /* Resources */ = {
			isa = PBXResourcesBuildPhase;
			buildActionMask = 2147483647;
			files = (
				A2D57D2A193A4CB5005EDD6F /* Main_iPad.storyboard in Resources */,
				A2D57D32193A4CB5005EDD6F /* Images.xcassets in Resources */,
				A2D57D27193A4CB5005EDD6F /* Main_iPhone.storyboard in Resources */,
				A2D57D1E193A4CB5005EDD6F /* InfoPlist.strings in Resources */,
			);
			runOnlyForDeploymentPostprocessing = 0;
		};
		A2D57D35193A4CB5005EDD6F /* Resources */ = {
			isa = PBXResourcesBuildPhase;
			buildActionMask = 2147483647;
			files = (
				A2D57D43193A4CB5005EDD6F /* InfoPlist.strings in Resources */,
			);
			runOnlyForDeploymentPostprocessing = 0;
		};
/* End PBXResourcesBuildPhase section */

/* Begin PBXShellScriptBuildPhase section */
		127C742A63734B74BB984A10 /* Check Pods Manifest.lock */ = {
			isa = PBXShellScriptBuildPhase;
			buildActionMask = 2147483647;
			files = (
			);
			inputPaths = (
			);
			name = "Check Pods Manifest.lock";
			outputPaths = (
			);
			runOnlyForDeploymentPostprocessing = 0;
			shellPath = /bin/sh;
			shellScript = "diff \"${PODS_ROOT}/../Podfile.lock\" \"${PODS_ROOT}/Manifest.lock\" > /dev/null\nif [[ $? != 0 ]] ; then\n    cat << EOM\nerror: The sandbox is not in sync with the Podfile.lock. Run 'pod install' or update your CocoaPods installation.\nEOM\n    exit 1\nfi\n";
			showEnvVarsInLog = 0;
		};
		E6A62FD363504263B273F93B /* Copy Pods Resources */ = {
			isa = PBXShellScriptBuildPhase;
			buildActionMask = 2147483647;
			files = (
			);
			inputPaths = (
			);
			name = "Copy Pods Resources";
			outputPaths = (
			);
			runOnlyForDeploymentPostprocessing = 0;
			shellPath = /bin/sh;
			shellScript = "\"${SRCROOT}/Pods/Pods-BJRadialMenuExample-resources.sh\"\n";
			showEnvVarsInLog = 0;
		};
/* End PBXShellScriptBuildPhase section */

/* Begin PBXSourcesBuildPhase section */
		A2D57D0C193A4CB5005EDD6F /* Sources */ = {
			isa = PBXSourcesBuildPhase;
			buildActionMask = 2147483647;
			files = (
				A2D57D30193A4CB5005EDD6F /* CustomizedViewController.m in Sources */,
				A2B69AD5193B6EDA007AF12E /* ExtremeViewController.m in Sources */,
				A2D57D24193A4CB5005EDD6F /* AppDelegate.m in Sources */,
				A2D57D2D193A4CB5005EDD6F /* DefaultViewController.m in Sources */,
				A2D57D20193A4CB5005EDD6F /* main.m in Sources */,
			);
			runOnlyForDeploymentPostprocessing = 0;
		};
		A2D57D33193A4CB5005EDD6F /* Sources */ = {
			isa = PBXSourcesBuildPhase;
			buildActionMask = 2147483647;
			files = (
				A2D57D45193A4CB5005EDD6F /* BJRadialMenuExampleTests.m in Sources */,
			);
			runOnlyForDeploymentPostprocessing = 0;
		};
/* End PBXSourcesBuildPhase section */

/* Begin PBXTargetDependency section */
		A2D57D3D193A4CB5005EDD6F /* PBXTargetDependency */ = {
			isa = PBXTargetDependency;
			target = A2D57D0F193A4CB5005EDD6F /* BJRadialMenuExample */;
			targetProxy = A2D57D3C193A4CB5005EDD6F /* PBXContainerItemProxy */;
		};
/* End PBXTargetDependency section */

/* Begin PBXVariantGroup section */
		A2D57D1C193A4CB5005EDD6F /* InfoPlist.strings */ = {
			isa = PBXVariantGroup;
			children = (
				A2D57D1D193A4CB5005EDD6F /* en */,
			);
			name = InfoPlist.strings;
			sourceTree = "<group>";
		};
		A2D57D25193A4CB5005EDD6F /* Main_iPhone.storyboard */ = {
			isa = PBXVariantGroup;
			children = (
				A2D57D26193A4CB5005EDD6F /* Base */,
			);
			name = Main_iPhone.storyboard;
			sourceTree = "<group>";
		};
		A2D57D28193A4CB5005EDD6F /* Main_iPad.storyboard */ = {
			isa = PBXVariantGroup;
			children = (
				A2D57D29193A4CB5005EDD6F /* Base */,
			);
			name = Main_iPad.storyboard;
			sourceTree = "<group>";
		};
		A2D57D41193A4CB5005EDD6F /* InfoPlist.strings */ = {
			isa = PBXVariantGroup;
			children = (
				A2D57D42193A4CB5005EDD6F /* en */,
			);
			name = InfoPlist.strings;
			sourceTree = "<group>";
		};
/* End PBXVariantGroup section */

/* Begin XCBuildConfiguration section */
		A2D57D46193A4CB5005EDD6F /* Debug */ = {
			isa = XCBuildConfiguration;
			buildSettings = {
				ALWAYS_SEARCH_USER_PATHS = NO;
				CLANG_CXX_LANGUAGE_STANDARD = "gnu++0x";
				CLANG_CXX_LIBRARY = "libc++";
				CLANG_ENABLE_MODULES = YES;
				CLANG_ENABLE_OBJC_ARC = YES;
				CLANG_WARN_BOOL_CONVERSION = YES;
				CLANG_WARN_CONSTANT_CONVERSION = YES;
				CLANG_WARN_DIRECT_OBJC_ISA_USAGE = YES_ERROR;
				CLANG_WARN_EMPTY_BODY = YES;
				CLANG_WARN_ENUM_CONVERSION = YES;
				CLANG_WARN_INT_CONVERSION = YES;
				CLANG_WARN_OBJC_ROOT_CLASS = YES_ERROR;
				CLANG_WARN__DUPLICATE_METHOD_MATCH = YES;
				"CODE_SIGN_IDENTITY[sdk=iphoneos*]" = "iPhone Developer";
				COPY_PHASE_STRIP = NO;
				GCC_C_LANGUAGE_STANDARD = gnu99;
				GCC_DYNAMIC_NO_PIC = NO;
				GCC_OPTIMIZATION_LEVEL = 0;
				GCC_PREPROCESSOR_DEFINITIONS = (
					"DEBUG=1",
					"$(inherited)",
				);
				GCC_SYMBOLS_PRIVATE_EXTERN = NO;
				GCC_WARN_64_TO_32_BIT_CONVERSION = YES;
				GCC_WARN_ABOUT_RETURN_TYPE = YES_ERROR;
				GCC_WARN_UNDECLARED_SELECTOR = YES;
				GCC_WARN_UNINITIALIZED_AUTOS = YES_AGGRESSIVE;
				GCC_WARN_UNUSED_FUNCTION = YES;
				GCC_WARN_UNUSED_VARIABLE = YES;
				IPHONEOS_DEPLOYMENT_TARGET = 7.1;
				ONLY_ACTIVE_ARCH = YES;
				SDKROOT = iphoneos;
				TARGETED_DEVICE_FAMILY = "1,2";
			};
			name = Debug;
		};
		A2D57D47193A4CB5005EDD6F /* Release */ = {
			isa = XCBuildConfiguration;
			buildSettings = {
				ALWAYS_SEARCH_USER_PATHS = NO;
				CLANG_CXX_LANGUAGE_STANDARD = "gnu++0x";
				CLANG_CXX_LIBRARY = "libc++";
				CLANG_ENABLE_MODULES = YES;
				CLANG_ENABLE_OBJC_ARC = YES;
				CLANG_WARN_BOOL_CONVERSION = YES;
				CLANG_WARN_CONSTANT_CONVERSION = YES;
				CLANG_WARN_DIRECT_OBJC_ISA_USAGE = YES_ERROR;
				CLANG_WARN_EMPTY_BODY = YES;
				CLANG_WARN_ENUM_CONVERSION = YES;
				CLANG_WARN_INT_CONVERSION = YES;
				CLANG_WARN_OBJC_ROOT_CLASS = YES_ERROR;
				CLANG_WARN__DUPLICATE_METHOD_MATCH = YES;
				"CODE_SIGN_IDENTITY[sdk=iphoneos*]" = "iPhone Developer";
				COPY_PHASE_STRIP = YES;
				ENABLE_NS_ASSERTIONS = NO;
				GCC_C_LANGUAGE_STANDARD = gnu99;
				GCC_WARN_64_TO_32_BIT_CONVERSION = YES;
				GCC_WARN_ABOUT_RETURN_TYPE = YES_ERROR;
				GCC_WARN_UNDECLARED_SELECTOR = YES;
				GCC_WARN_UNINITIALIZED_AUTOS = YES_AGGRESSIVE;
				GCC_WARN_UNUSED_FUNCTION = YES;
				GCC_WARN_UNUSED_VARIABLE = YES;
				IPHONEOS_DEPLOYMENT_TARGET = 7.1;
				SDKROOT = iphoneos;
				TARGETED_DEVICE_FAMILY = "1,2";
				VALIDATE_PRODUCT = YES;
			};
			name = Release;
		};
		A2D57D49193A4CB5005EDD6F /* Debug */ = {
			isa = XCBuildConfiguration;
			baseConfigurationReference = AECF562FDD104628AA353A90 /* Pods-BJRadialMenuExample.xcconfig */;
			buildSettings = {
				ASSETCATALOG_COMPILER_APPICON_NAME = AppIcon;
				ASSETCATALOG_COMPILER_LAUNCHIMAGE_NAME = LaunchImage;
				GCC_PRECOMPILE_PREFIX_HEADER = YES;
				GCC_PREFIX_HEADER = "BJRadialMenuExample/Supporting Files/BJRadialMenuExample-Prefix.pch";
				INFOPLIST_FILE = "BJRadialMenuExample/Supporting Files/BJRadialMenuExample-Info.plist";
				PRODUCT_NAME = "$(TARGET_NAME)";
				WRAPPER_EXTENSION = app;
			};
			name = Debug;
		};
		A2D57D4A193A4CB5005EDD6F /* Release */ = {
			isa = XCBuildConfiguration;
			baseConfigurationReference = AECF562FDD104628AA353A90 /* Pods-BJRadialMenuExample.xcconfig */;
			buildSettings = {
				ASSETCATALOG_COMPILER_APPICON_NAME = AppIcon;
				ASSETCATALOG_COMPILER_LAUNCHIMAGE_NAME = LaunchImage;
				GCC_PRECOMPILE_PREFIX_HEADER = YES;
				GCC_PREFIX_HEADER = "BJRadialMenuExample/Supporting Files/BJRadialMenuExample-Prefix.pch";
				INFOPLIST_FILE = "BJRadialMenuExample/Supporting Files/BJRadialMenuExample-Info.plist";
				PRODUCT_NAME = "$(TARGET_NAME)";
				WRAPPER_EXTENSION = app;
			};
			name = Release;
		};
		A2D57D4C193A4CB5005EDD6F /* Debug */ = {
			isa = XCBuildConfiguration;
			buildSettings = {
				BUNDLE_LOADER = "$(BUILT_PRODUCTS_DIR)/BJRadialMenuExample.app/BJRadialMenuExample";
				FRAMEWORK_SEARCH_PATHS = (
					"$(SDKROOT)/Developer/Library/Frameworks",
					"$(inherited)",
					"$(DEVELOPER_FRAMEWORKS_DIR)",
				);
				GCC_PRECOMPILE_PREFIX_HEADER = YES;
				GCC_PREFIX_HEADER = "BJRadialMenuExample/Supporting Files/BJRadialMenuExample-Prefix.pch";
				GCC_PREPROCESSOR_DEFINITIONS = (
					"DEBUG=1",
					"$(inherited)",
				);
				INFOPLIST_FILE = "BJRadialMenuExampleTests/Supporting Files/BJRadialMenuExampleTests-Info.plist";
				PRODUCT_NAME = "$(TARGET_NAME)";
				TEST_HOST = "$(BUNDLE_LOADER)";
				WRAPPER_EXTENSION = xctest;
			};
			name = Debug;
		};
		A2D57D4D193A4CB5005EDD6F /* Release */ = {
			isa = XCBuildConfiguration;
			buildSettings = {
				BUNDLE_LOADER = "$(BUILT_PRODUCTS_DIR)/BJRadialMenuExample.app/BJRadialMenuExample";
				FRAMEWORK_SEARCH_PATHS = (
					"$(SDKROOT)/Developer/Library/Frameworks",
					"$(inherited)",
					"$(DEVELOPER_FRAMEWORKS_DIR)",
				);
				GCC_PRECOMPILE_PREFIX_HEADER = YES;
				GCC_PREFIX_HEADER = "BJRadialMenuExample/Supporting Files/BJRadialMenuExample-Prefix.pch";
				INFOPLIST_FILE = "BJRadialMenuExampleTests/Supporting Files/BJRadialMenuExampleTests-Info.plist";
				PRODUCT_NAME = "$(TARGET_NAME)";
				TEST_HOST = "$(BUNDLE_LOADER)";
				WRAPPER_EXTENSION = xctest;
			};
			name = Release;
		};
/* End XCBuildConfiguration section */

/* Begin XCConfigurationList section */
		A2D57D0B193A4CB5005EDD6F /* Build configuration list for PBXProject "BJRadialMenuExample" */ = {
			isa = XCConfigurationList;
			buildConfigurations = (
				A2D57D46193A4CB5005EDD6F /* Debug */,
				A2D57D47193A4CB5005EDD6F /* Release */,
			);
			defaultConfigurationIsVisible = 0;
			defaultConfigurationName = Release;
		};
		A2D57D48193A4CB5005EDD6F /* Build configuration list for PBXNativeTarget "BJRadialMenuExample" */ = {
			isa = XCConfigurationList;
			buildConfigurations = (
				A2D57D49193A4CB5005EDD6F /* Debug */,
				A2D57D4A193A4CB5005EDD6F /* Release */,
			);
			defaultConfigurationIsVisible = 0;
			defaultConfigurationName = Release;
		};
		A2D57D4B193A4CB5005EDD6F /* Build configuration list for PBXNativeTarget "BJRadialMenuExampleTests" */ = {
			isa = XCConfigurationList;
			buildConfigurations = (
				A2D57D4C193A4CB5005EDD6F /* Debug */,
				A2D57D4D193A4CB5005EDD6F /* Release */,
			);
			defaultConfigurationIsVisible = 0;
			defaultConfigurationName = Release;
		};
/* End XCConfigurationList section */
	};
	rootObject = A2D57D08193A4CB5005EDD6F /* Project object */;
}
